
Microsoft Visual Studio Solution File, Format Version 12.00
# Visual Studio Version 17
VisualStudioVersion = 17.6.33712.159
MinimumVisualStudioVersion = 10.0.40219.1
Project("{FAE04EC0-301F-11D3-BF4B-00C04F79EFBC}") = "CSharpCalculator", "CSharpCalculator\CSharpCalculator.csproj", "{B6EA55CE-DBFC-4892-81B9-B7888A80AE16}"
EndProject
Global
	GlobalSection(SolutionConfigurationPlatforms) = preSolution
		Debug|Any CPU = Debug|Any CPU
		Release|Any CPU = Release|Any CPU
	EndGlobalSection
	GlobalSection(ProjectConfigurationPlatforms) = postSolution
		{B6EA55CE-DBFC-4892-81B9-B7888A80AE16}.Debug|Any CPU.ActiveCfg = Debug|Any CPU
		{B6EA55CE-DBFC-4892-81B9-B7888A80AE16}.Debug|Any CPU.Build.0 = Debug|Any CPU
		{B6EA55CE-DBFC-4892-81B9-B7888A80AE16}.Release|Any CPU.ActiveCfg = Release|Any CPU
		{B6EA55CE-DBFC-4892-81B9-B7888A80AE16}.Release|Any CPU.Build.0 = Release|Any CPU
	EndGlobalSection
	GlobalSection(SolutionProperties) = preSolution
		HideSolutionNode = FALSE
	EndGlobalSection
	GlobalSection(ExtensibilityGlobals) = postSolution
		SolutionGuid = {8798FAE3-3478-4B8D-8A2B-93E6AA6DF2E2}
	EndGlobalSection
EndGlobal
